
Microsoft Visual Studio Solution File, Format Version 12.00
# Visual Studio Version 17
VisualStudioVersion = 17.2.32616.157
MinimumVisualStudioVersion = 10.0.40219.1
Project("{FAE04EC0-301F-11D3-BF4B-00C04F79EFBC}") = "GestaoClientes", "GestaoClientes\GestaoClientes.csproj", "{0F0B4DA2-A874-446C-ABA4-B43773BC89ED}"
EndProject
Global
	GlobalSection(SolutionConfigurationPlatforms) = preSolution
		Debug|Any CPU = Debug|Any CPU
		Release|Any CPU = Release|Any CPU
	EndGlobalSection
	GlobalSection(ProjectConfigurationPlatforms) = postSolution
		{0F0B4DA2-A874-446C-ABA4-B43773BC89ED}.Debug|Any CPU.ActiveCfg = Debug|Any CPU
		{0F0B4DA2-A874-446C-ABA4-B43773BC89ED}.Debug|Any CPU.Build.0 = Debug|Any CPU
		{0F0B4DA2-A874-446C-ABA4-B43773BC89ED}.Release|Any CPU.ActiveCfg = Release|Any CPU
		{0F0B4DA2-A874-446C-ABA4-B43773BC89ED}.Release|Any CPU.Build.0 = Release|Any CPU
	EndGlobalSection
	GlobalSection(SolutionProperties) = preSolution
		HideSolutionNode = FALSE
	EndGlobalSection
	GlobalSection(ExtensibilityGlobals) = postSolution
		SolutionGuid = {45FA0915-EA0D-411E-BE3F-F6571E4BE0EF}
	EndGlobalSection
EndGlobal
